
Microsoft Visual Studio Solution File, Format Version 12.00
# Visual Studio 2013
VisualStudioVersion = 12.0.21005.1
MinimumVisualStudioVersion = 10.0.40219.1
Project("{FAE04EC0-301F-11D3-BF4B-00C04F79EFBC}") = "ChitChat.Client.View", "ChitChat.Client.View\ChitChat.Client.View.csproj", "{CA217155-6DDA-41B4-A120-F2A288BAD46E}"
EndProject
Project("{2150E333-8FDC-42A3-9474-1A3956D46DE8}") = "Client", "Client", "{A3A60A03-608F-424D-9BE0-855C61329677}"
EndProject
Project("{2150E333-8FDC-42A3-9474-1A3956D46DE8}") = "Server", "Server", "{4AC81883-0C27-4E64-A62E-FA400F040500}"
EndProject
Project("{2150E333-8FDC-42A3-9474-1A3956D46DE8}") = "Database", "Database", "{D268CA06-AA1F-4827-AA8C-7F91F0B90146}"
EndProject
Project("{00D1A9C2-B5F0-4AF3-8072-F6C62B433612}") = "ChitChat.Database", "ChitChat.Database\ChitChat.Database.sqlproj", "{68E35AF2-A28D-416D-B666-76984B6E87D5}"
EndProject
Project("{FAE04EC0-301F-11D3-BF4B-00C04F79EFBC}") = "ChitChat.Server", "ChitChat.Server\ChitChat.Server.csproj", "{D2F4A1BA-9ACA-493D-95D2-D71C39E57F87}"
EndProject
Project("{FAE04EC0-301F-11D3-BF4B-00C04F79EFBC}") = "ChitChat.Server.Tests", "ChitChat.Server.Tests\ChitChat.Server.Tests.csproj", "{B3B0B4E9-BD3B-4ED7-A2BF-D9F2CC4425A6}"
EndProject
Project("{2150E333-8FDC-42A3-9474-1A3956D46DE8}") = "Tests", "Tests", "{0425628F-4DF6-48B3-B7C9-DD72C519A93F}"
EndProject
Global
	GlobalSection(SolutionConfigurationPlatforms) = preSolution
		Debug|Any CPU = Debug|Any CPU
		Release|Any CPU = Release|Any CPU
	EndGlobalSection
	GlobalSection(ProjectConfigurationPlatforms) = postSolution
		{CA217155-6DDA-41B4-A120-F2A288BAD46E}.Debug|Any CPU.ActiveCfg = Debug|Any CPU
		{CA217155-6DDA-41B4-A120-F2A288BAD46E}.Debug|Any CPU.Build.0 = Debug|Any CPU
		{CA217155-6DDA-41B4-A120-F2A288BAD46E}.Release|Any CPU.ActiveCfg = Release|Any CPU
		{CA217155-6DDA-41B4-A120-F2A288BAD46E}.Release|Any CPU.Build.0 = Release|Any CPU
		{68E35AF2-A28D-416D-B666-76984B6E87D5}.Debug|Any CPU.ActiveCfg = Debug|Any CPU
		{68E35AF2-A28D-416D-B666-76984B6E87D5}.Debug|Any CPU.Build.0 = Debug|Any CPU
		{68E35AF2-A28D-416D-B666-76984B6E87D5}.Debug|Any CPU.Deploy.0 = Debug|Any CPU
		{68E35AF2-A28D-416D-B666-76984B6E87D5}.Release|Any CPU.ActiveCfg = Release|Any CPU
		{68E35AF2-A28D-416D-B666-76984B6E87D5}.Release|Any CPU.Build.0 = Release|Any CPU
		{68E35AF2-A28D-416D-B666-76984B6E87D5}.Release|Any CPU.Deploy.0 = Release|Any CPU
		{D2F4A1BA-9ACA-493D-95D2-D71C39E57F87}.Debug|Any CPU.ActiveCfg = Debug|Any CPU
		{D2F4A1BA-9ACA-493D-95D2-D71C39E57F87}.Debug|Any CPU.Build.0 = Debug|Any CPU
		{D2F4A1BA-9ACA-493D-95D2-D71C39E57F87}.Release|Any CPU.ActiveCfg = Release|Any CPU
		{D2F4A1BA-9ACA-493D-95D2-D71C39E57F87}.Release|Any CPU.Build.0 = Release|Any CPU
		{B3B0B4E9-BD3B-4ED7-A2BF-D9F2CC4425A6}.Debug|Any CPU.ActiveCfg = Debug|Any CPU
		{B3B0B4E9-BD3B-4ED7-A2BF-D9F2CC4425A6}.Debug|Any CPU.Build.0 = Debug|Any CPU
		{B3B0B4E9-BD3B-4ED7-A2BF-D9F2CC4425A6}.Release|Any CPU.ActiveCfg = Release|Any CPU
		{B3B0B4E9-BD3B-4ED7-A2BF-D9F2CC4425A6}.Release|Any CPU.Build.0 = Release|Any CPU
	EndGlobalSection
	GlobalSection(SolutionProperties) = preSolution
		HideSolutionNode = FALSE
	EndGlobalSection
	GlobalSection(NestedProjects) = preSolution
		{CA217155-6DDA-41B4-A120-F2A288BAD46E} = {A3A60A03-608F-424D-9BE0-855C61329677}
		{D2F4A1BA-9ACA-493D-95D2-D71C39E57F87} = {4AC81883-0C27-4E64-A62E-FA400F040500}
		{68E35AF2-A28D-416D-B666-76984B6E87D5} = {D268CA06-AA1F-4827-AA8C-7F91F0B90146}
		{B3B0B4E9-BD3B-4ED7-A2BF-D9F2CC4425A6} = {0425628F-4DF6-48B3-B7C9-DD72C519A93F}
	EndGlobalSection
EndGlobal
